// !$*UTF8*$!
{
	archiveVersion = 1;
	classes = {
	};
	objectVersion = 46;
	objects = {

/* Begin PBXBuildFile section */
		658BA3591C3C65E000A73900 /* AppDelegate.swift in Sources */ = {isa = PBXBuildFile; fileRef = 658BA3581C3C65E000A73900 /* AppDelegate.swift */; };
		658BA35B1C3C65E000A73900 /* ViewController.swift in Sources */ = {isa = PBXBuildFile; fileRef = 658BA35A1C3C65E000A73900 /* ViewController.swift */; };
		658BA35E1C3C65E000A73900 /* Main.storyboard in Resources */ = {isa = PBXBuildFile; fileRef = 658BA35C1C3C65E000A73900 /* Main.storyboard */; };
		658BA3601C3C65E000A73900 /* Assets.xcassets in Resources */ = {isa = PBXBuildFile; fileRef = 658BA35F1C3C65E000A73900 /* Assets.xcassets */; };
		658BA3631C3C65E000A73900 /* LaunchScreen.storyboard in Resources */ = {isa = PBXBuildFile; fileRef = 658BA3611C3C65E000A73900 /* LaunchScreen.storyboard */; };
/* End PBXBuildFile section */

/* Begin PBXFileReference section */
		658BA3551C3C65E000A73900 /* NanChat.app */ = {isa = PBXFileReference; explicitFileType = wrapper.application; includeInIndex = 0; path = NanChat.app; sourceTree = BUILT_PRODUCTS_DIR; };
		658BA3581C3C65E000A73900 /* AppDelegate.swift */ = {isa = PBXFileReference; lastKnownFileType = sourcecode.swift; path = AppDelegate.swift; sourceTree = "<group>"; };
		658BA35A1C3C65E000A73900 /* ViewController.swift */ = {isa = PBXFileReference; lastKnownFileType = sourcecode.swift; path = ViewController.swift; sourceTree = "<group>"; };
		658BA35D1C3C65E000A73900 /* Base */ = {isa = PBXFileReference; lastKnownFileType = file.storyboard; name = Base; path = Base.lproj/Main.storyboard; sourceTree = "<group>"; };
		658BA35F1C3C65E000A73900 /* Assets.xcassets */ = {isa = PBXFileReference; lastKnownFileType = folder.assetcatalog; path = Assets.xcassets; sourceTree = "<group>"; };
		658BA3621C3C65E000A73900 /* Base */ = {isa = PBXFileReference; lastKnownFileType = file.storyboard; name = Base; path = Base.lproj/LaunchScreen.storyboard; sourceTree = "<group>"; };
		658BA3641C3C65E000A73900 /* Info.plist */ = {isa = PBXFileReference; lastKnownFileType = text.plist.xml; path = Info.plist; sourceTree = "<group>"; };
/* End PBXFileReference section */

/* Begin PBXFrameworksBuildPhase section */
		658BA3521C3C65DF00A73900 /* Frameworks */ = {
			isa = PBXFrameworksBuildPhase;
			buildActionMask = 2147483647;
			files = (
			);
			runOnlyForDeploymentPostprocessing = 0;
		};
/* End PBXFrameworksBuildPhase section */

/* Begin PBXGroup section */
		658BA34C1C3C65DF00A73900 = {
			isa = PBXGroup;
			children = (
				658BA3571C3C65E000A73900 /* NanChat */,
				658BA3561C3C65E000A73900 /* Products */,
			);
			sourceTree = "<group>";
		};
		658BA3561C3C65E000A73900 /* Products */ = {
			isa = PBXGroup;
			children = (
				658BA3551C3C65E000A73900 /* NanChat.app */,
			);
			name = Products;
			sourceTree = "<group>";
		};
		658BA3571C3C65E000A73900 /* NanChat */ = {
			isa = PBXGroup;
			children = (
				658BA3581C3C65E000A73900 /* AppDelegate.swift */,
				658BA35A1C3C65E000A73900 /* ViewController.swift */,
				658BA35C1C3C65E000A73900 /* Main.storyboard */,
				658BA35F1C3C65E000A73900 /* Assets.xcassets */,
				658BA3611C3C65E000A73900 /* LaunchScreen.storyboard */,
				658BA3641C3C65E000A73900 /* Info.plist */,
			);
			path = NanChat;
			sourceTree = "<group>";
		};
/* End PBXGroup section */

/* Begin PBXNativeTarget section */
		658BA3541C3C65DF00A73900 /* NanChat */ = {
			isa = PBXNativeTarget;
			buildConfigurationList = 658BA3671C3C65E000A73900 /* Build configuration list for PBXNativeTarget "NanChat" */;
			buildPhases = (
				658BA3511C3C65DF00A73900 /* Sources */,
				658BA3521C3C65DF00A73900 /* Frameworks */,
				658BA3531C3C65DF00A73900 /* Resources */,
			);
			buildRules = (
			);
			dependencies = (
			);
			name = NanChat;
			productName = NanChat;
			productReference = 658BA3551C3C65E000A73900 /* NanChat.app */;
			productType = "com.apple.product-type.application";
		};
/* End PBXNativeTarget section */

/* Begin PBXProject section */
		658BA34D1C3C65DF00A73900 /* Project object */ = {
			isa = PBXProject;
			attributes = {
				LastSwiftUpdateCheck = 0710;
				LastUpgradeCheck = 0710;
				ORGANIZATIONNAME = Nanigans;
				TargetAttributes = {
					658BA3541C3C65DF00A73900 = {
						CreatedOnToolsVersion = 7.1;
					};
				};
			};
			buildConfigurationList = 658BA3501C3C65DF00A73900 /* Build configuration list for PBXProject "NanChat" */;
			compatibilityVersion = "Xcode 3.2";
			developmentRegion = English;
			hasScannedForEncodings = 0;
			knownRegions = (
				en,
				Base,
			);
			mainGroup = 658BA34C1C3C65DF00A73900;
			productRefGroup = 658BA3561C3C65E000A73900 /* Products */;
			projectDirPath = "";
			projectRoot = "";
			targets = (
				658BA3541C3C65DF00A73900 /* NanChat */,
			);
		};
/* End PBXProject section */

/* Begin PBXResourcesBuildPhase section */
		658BA3531C3C65DF00A73900 /* Resources */ = {
			isa = PBXResourcesBuildPhase;
			buildActionMask = 2147483647;
			files = (
				658BA3631C3C65E000A73900 /* LaunchScreen.storyboard in Resources */,
				658BA3601C3C65E000A73900 /* Assets.xcassets in Resources */,
				658BA35E1C3C65E000A73900 /* Main.storyboard in Resources */,
			);
			runOnlyForDeploymentPostprocessing = 0;
		};
/* End PBXResourcesBuildPhase section */

/* Begin PBXSourcesBuildPhase section */
		658BA3511C3C65DF00A73900 /* Sources */ = {
			isa = PBXSourcesBuildPhase;
			buildActionMask = 2147483647;
			files = (
				658BA35B1C3C65E000A73900 /* ViewController.swift in Sources */,
				658BA3591C3C65E000A73900 /* AppDelegate.swift in Sources */,
			);
			runOnlyForDeploymentPostprocessing = 0;
		};
/* End PBXSourcesBuildPhase section */

/* Begin PBXVariantGroup section */
		658BA35C1C3C65E000A73900 /* Main.storyboard */ = {
			isa = PBXVariantGroup;
			children = (
				658BA35D1C3C65E000A73900 /* Base */,
			);
			name = Main.storyboard;
			sourceTree = "<group>";
		};
		658BA3611C3C65E000A73900 /* LaunchScreen.storyboard */ = {
			isa = PBXVariantGroup;
			children = (
				658BA3621C3C65E000A73900 /* Base */,
			);
			name = LaunchScreen.storyboard;
			sourceTree = "<group>";
		};
/* End PBXVariantGroup section */

/* Begin XCBuildConfiguration section */
		658BA3651C3C65E000A73900 /* Debug */ = {
			isa = XCBuildConfiguration;
			buildSettings = {
				ALWAYS_SEARCH_USER_PATHS = NO;
				CLANG_CXX_LANGUAGE_STANDARD = "gnu++0x";
				CLANG_CXX_LIBRARY = "libc++";
				CLANG_ENABLE_MODULES = YES;
				CLANG_ENABLE_OBJC_ARC = YES;
				CLANG_WARN_BOOL_CONVERSION = YES;
				CLANG_WARN_CONSTANT_CONVERSION = YES;
				CLANG_WARN_DIRECT_OBJC_ISA_USAGE = YES_ERROR;
				CLANG_WARN_EMPTY_BODY = YES;
				CLANG_WARN_ENUM_CONVERSION = YES;
				CLANG_WARN_INT_CONVERSION = YES;
				CLANG_WARN_OBJC_ROOT_CLASS = YES_ERROR;
				CLANG_WARN_UNREACHABLE_CODE = YES;
				CLANG_WARN__DUPLICATE_METHOD_MATCH = YES;
				"CODE_SIGN_IDENTITY[sdk=iphoneos*]" = "iPhone Developer";
				COPY_PHASE_STRIP = NO;
				DEBUG_INFORMATION_FORMAT = dwarf;
				ENABLE_STRICT_OBJC_MSGSEND = YES;
				ENABLE_TESTABILITY = YES;
				GCC_C_LANGUAGE_STANDARD = gnu99;
				GCC_DYNAMIC_NO_PIC = NO;
				GCC_NO_COMMON_BLOCKS = YES;
				GCC_OPTIMIZATION_LEVEL = 0;
				GCC_PREPROCESSOR_DEFINITIONS = (
					"DEBUG=1",
					"$(inherited)",
				);
				GCC_WARN_64_TO_32_BIT_CONVERSION = YES;
				GCC_WARN_ABOUT_RETURN_TYPE = YES_ERROR;
				GCC_WARN_UNDECLARED_SELECTOR = YES;
				GCC_WARN_UNINITIALIZED_AUTOS = YES_AGGRESSIVE;
				GCC_WARN_UNUSED_FUNCTION = YES;
				GCC_WARN_UNUSED_VARIABLE = YES;
				IPHONEOS_DEPLOYMENT_TARGET = 9.1;
				MTL_ENABLE_DEBUG_INFO = YES;
				ONLY_ACTIVE_ARCH = YES;
				SDKROOT = iphoneos;
				SWIFT_OPTIMIZATION_LEVEL = "-Onone";
				TARGETED_DEVICE_FAMILY = "1,2";
			};
			name = Debug;
		};
		658BA3661C3C65E000A73900 /* Release */ = {
			isa = XCBuildConfiguration;
			buildSettings = {
				ALWAYS_SEARCH_USER_PATHS = NO;
				CLANG_CXX_LANGUAGE_STANDARD = "gnu++0x";
				CLANG_CXX_LIBRARY = "libc++";
				CLANG_ENABLE_MODULES = YES;
				CLANG_ENABLE_OBJC_ARC = YES;
				CLANG_WARN_BOOL_CONVERSION = YES;
				CLANG_WARN_CONSTANT_CONVERSION = YES;
				CLANG_WARN_DIRECT_OBJC_ISA_USAGE = YES_ERROR;
				CLANG_WARN_EMPTY_BODY = YES;
				CLANG_WARN_ENUM_CONVERSION = YES;
				CLANG_WARN_INT_CONVERSION = YES;
				CLANG_WARN_OBJC_ROOT_CLASS = YES_ERROR;
				CLANG_WARN_UNREACHABLE_CODE = YES;
				CLANG_WARN__DUPLICATE_METHOD_MATCH = YES;
				"CODE_SIGN_IDENTITY[sdk=iphoneos*]" = "iPhone Developer";
				COPY_PHASE_STRIP = NO;
				DEBUG_INFORMATION_FORMAT = "dwarf-with-dsym";
				ENABLE_NS_ASSERTIONS = NO;
				ENABLE_STRICT_OBJC_MSGSEND = YES;
				GCC_C_LANGUAGE_STANDARD = gnu99;
				GCC_NO_COMMON_BLOCKS = YES;
				GCC_WARN_64_TO_32_BIT_CONVERSION = YES;
				GCC_WARN_ABOUT_RETURN_TYPE = YES_ERROR;
				GCC_WARN_UNDECLARED_SELECTOR = YES;
				GCC_WARN_UNINITIALIZED_AUTOS = YES_AGGRESSIVE;
				GCC_WARN_UNUSED_FUNCTION = YES;
				GCC_WARN_UNUSED_VARIABLE = YES;
				IPHONEOS_DEPLOYMENT_TARGET = 9.1;
				MTL_ENABLE_DEBUG_INFO = NO;
				SDKROOT = iphoneos;
				TARGETED_DEVICE_FAMILY = "1,2";
				VALIDATE_PRODUCT = YES;
			};
			name = Release;
		};
		658BA3681C3C65E000A73900 /* Debug */ = {
			isa = XCBuildConfiguration;
			buildSettings = {
				ASSETCATALOG_COMPILER_APPICON_NAME = AppIcon;
				INFOPLIST_FILE = NanChat/Info.plist;
				LD_RUNPATH_SEARCH_PATHS = "$(inherited) @executable_path/Frameworks";
				PRODUCT_BUNDLE_IDENTIFIER = Nanigans.NanChat;
				PRODUCT_NAME = "$(TARGET_NAME)";
			};
			name = Debug;
		};
		658BA3691C3C65E000A73900 /* Release */ = {
			isa = XCBuildConfiguration;
			buildSettings = {
				ASSETCATALOG_COMPILER_APPICON_NAME = AppIcon;
				INFOPLIST_FILE = NanChat/Info.plist;
				LD_RUNPATH_SEARCH_PATHS = "$(inherited) @executable_path/Frameworks";
				PRODUCT_BUNDLE_IDENTIFIER = Nanigans.NanChat;
				PRODUCT_NAME = "$(TARGET_NAME)";
			};
			name = Release;
		};
/* End XCBuildConfiguration section */

/* Begin XCConfigurationList section */
		658BA3501C3C65DF00A73900 /* Build configuration list for PBXProject "NanChat" */ = {
			isa = XCConfigurationList;
			buildConfigurations = (
				658BA3651C3C65E000A73900 /* Debug */,
				658BA3661C3C65E000A73900 /* Release */,
			);
			defaultConfigurationIsVisible = 0;
			defaultConfigurationName = Release;
		};
		658BA3671C3C65E000A73900 /* Build configuration list for PBXNativeTarget "NanChat" */ = {
			isa = XCConfigurationList;
			buildConfigurations = (
				658BA3681C3C65E000A73900 /* Debug */,
				658BA3691C3C65E000A73900 /* Release */,
			);
			defaultConfigurationIsVisible = 0;
		};
/* End XCConfigurationList section */
	};
	rootObject = 658BA34D1C3C65DF00A73900 /* Project object */;
}
